
Microsoft Visual Studio Solution File, Format Version 12.00
# Visual Studio Version 16
VisualStudioVersion = 16.0.34301.259
MinimumVisualStudioVersion = 10.0.40219.1
Project("{FAE04EC0-301F-11D3-BF4B-00C04F79EFBC}") = "DB_Middleware", "DB_Middleware\DB_Middleware.csproj", "{FA5D9DEC-4875-4B74-8862-9F11E306943C}"
EndProject
Global
	GlobalSection(SolutionConfigurationPlatforms) = preSolution
		Debug|Any CPU = Debug|Any CPU
		Release|Any CPU = Release|Any CPU
	EndGlobalSection
	GlobalSection(ProjectConfigurationPlatforms) = postSolution
		{FA5D9DEC-4875-4B74-8862-9F11E306943C}.Debug|Any CPU.ActiveCfg = Debug|Any CPU
		{FA5D9DEC-4875-4B74-8862-9F11E306943C}.Debug|Any CPU.Build.0 = Debug|Any CPU
		{FA5D9DEC-4875-4B74-8862-9F11E306943C}.Release|Any CPU.ActiveCfg = Release|Any CPU
		{FA5D9DEC-4875-4B74-8862-9F11E306943C}.Release|Any CPU.Build.0 = Release|Any CPU
	EndGlobalSection
	GlobalSection(SolutionProperties) = preSolution
		HideSolutionNode = FALSE
	EndGlobalSection
	GlobalSection(ExtensibilityGlobals) = postSolution
		SolutionGuid = {44037C0C-78CB-411B-8886-824733FA8B2D}
	EndGlobalSection
EndGlobal
